// !$*UTF8*$!
{
	archiveVersion = 1;
	classes = {
	};
	objectVersion = 55;
	objects = {

/* Begin PBXBuildFile section */
		0C1D8AA13AB658EE8F29315C /* Pods_Instagram.framework in Frameworks */ = {isa = PBXBuildFile; fileRef = 82AE7D28011AD34797B52780 /* Pods_Instagram.framework */; };
		4A515316ED0F92AC8B63C7CF /* Pods_InstagramTests.framework in Frameworks */ = {isa = PBXBuildFile; fileRef = F1DA856F653D1A5BD29C7D36 /* Pods_InstagramTests.framework */; };
		6875A49B27078C9B00E9024F /* LoginViewController.swift in Sources */ = {isa = PBXBuildFile; fileRef = 6875A49A27078C9B00E9024F /* LoginViewController.swift */; };
		6875A49D27078CA700E9024F /* FeedViewController.swift in Sources */ = {isa = PBXBuildFile; fileRef = 6875A49C27078CA700E9024F /* FeedViewController.swift */; };
		6875A4A127079D7D00E9024F /* CameraViewController.swift in Sources */ = {isa = PBXBuildFile; fileRef = 6875A4A027079D7D00E9024F /* CameraViewController.swift */; };
		6875A4A3270AACA900E9024F /* PostCell.swift in Sources */ = {isa = PBXBuildFile; fileRef = 6875A4A2270AACA800E9024F /* PostCell.swift */; };
		6875A4A72710CBAD00E9024F /* CommentCell.swift in Sources */ = {isa = PBXBuildFile; fileRef = 6875A4A62710CBAD00E9024F /* CommentCell.swift */; };
		68AEBDB52703E7110043108D /* AppDelegate.swift in Sources */ = {isa = PBXBuildFile; fileRef = 68AEBDB42703E7110043108D /* AppDelegate.swift */; };
		68AEBDB72703E7110043108D /* SceneDelegate.swift in Sources */ = {isa = PBXBuildFile; fileRef = 68AEBDB62703E7110043108D /* SceneDelegate.swift */; };
		68AEBDBC2703E7110043108D /* Main.storyboard in Resources */ = {isa = PBXBuildFile; fileRef = 68AEBDBA2703E7110043108D /* Main.storyboard */; };
		68AEBDBE2703E7190043108D /* Assets.xcassets in Resources */ = {isa = PBXBuildFile; fileRef = 68AEBDBD2703E7190043108D /* Assets.xcassets */; };
		68AEBDC12703E7190043108D /* LaunchScreen.storyboard in Resources */ = {isa = PBXBuildFile; fileRef = 68AEBDBF2703E7190043108D /* LaunchScreen.storyboard */; };
		68AEBDCC2703E71A0043108D /* InstagramTests.swift in Sources */ = {isa = PBXBuildFile; fileRef = 68AEBDCB2703E71A0043108D /* InstagramTests.swift */; };
		68AEBDD62703E71A0043108D /* InstagramUITests.swift in Sources */ = {isa = PBXBuildFile; fileRef = 68AEBDD52703E71A0043108D /* InstagramUITests.swift */; };
		68AEBDD82703E71A0043108D /* InstagramUITestsLaunchTests.swift in Sources */ = {isa = PBXBuildFile; fileRef = 68AEBDD72703E71A0043108D /* InstagramUITestsLaunchTests.swift */; };
		C675716AB0F348EE514568DE /* Pods_Instagram_InstagramUITests.framework in Frameworks */ = {isa = PBXBuildFile; fileRef = CAA9CCC69398C1FF8C2D283D /* Pods_Instagram_InstagramUITests.framework */; };
/* End PBXBuildFile section */

/* Begin PBXContainerItemProxy section */
		68AEBDC82703E71A0043108D /* PBXContainerItemProxy */ = {
			isa = PBXContainerItemProxy;
			containerPortal = 68AEBDA92703E7100043108D /* Project object */;
			proxyType = 1;
			remoteGlobalIDString = 68AEBDB02703E7100043108D;
			remoteInfo = Instagram;
		};
		68AEBDD22703E71A0043108D /* PBXContainerItemProxy */ = {
			isa = PBXContainerItemProxy;
			containerPortal = 68AEBDA92703E7100043108D /* Project object */;
			proxyType = 1;
			remoteGlobalIDString = 68AEBDB02703E7100043108D;
			remoteInfo = Instagram;
		};
/* End PBXContainerItemProxy section */

/* Begin PBXFileReference section */
		1594027808BBC6A91813DB70 /* Pods-Instagram-InstagramUITests.release.xcconfig */ = {isa = PBXFileReference; includeInIndex = 1; lastKnownFileType = text.xcconfig; name = "Pods-Instagram-InstagramUITests.release.xcconfig"; path = "Target Support Files/Pods-Instagram-InstagramUITests/Pods-Instagram-InstagramUITests.release.xcconfig"; sourceTree = "<group>"; };
		21DA0F0A5163D90EAEB21FD4 /* Pods-Instagram-InstagramUITests.debug.xcconfig */ = {isa = PBXFileReference; includeInIndex = 1; lastKnownFileType = text.xcconfig; name = "Pods-Instagram-InstagramUITests.debug.xcconfig"; path = "Target Support Files/Pods-Instagram-InstagramUITests/Pods-Instagram-InstagramUITests.debug.xcconfig"; sourceTree = "<group>"; };
		6875A49A27078C9B00E9024F /* LoginViewController.swift */ = {isa = PBXFileReference; lastKnownFileType = sourcecode.swift; path = LoginViewController.swift; sourceTree = "<group>"; };
		6875A49C27078CA700E9024F /* FeedViewController.swift */ = {isa = PBXFileReference; lastKnownFileType = sourcecode.swift; path = FeedViewController.swift; sourceTree = "<group>"; };
		6875A4A027079D7D00E9024F /* CameraViewController.swift */ = {isa = PBXFileReference; lastKnownFileType = sourcecode.swift; path = CameraViewController.swift; sourceTree = "<group>"; };
		6875A4A2270AACA800E9024F /* PostCell.swift */ = {isa = PBXFileReference; lastKnownFileType = sourcecode.swift; path = PostCell.swift; sourceTree = "<group>"; };
		6875A4A62710CBAD00E9024F /* CommentCell.swift */ = {isa = PBXFileReference; lastKnownFileType = sourcecode.swift; path = CommentCell.swift; sourceTree = "<group>"; };
		68AEBDB12703E7110043108D /* Instagram.app */ = {isa = PBXFileReference; explicitFileType = wrapper.application; includeInIndex = 0; path = Instagram.app; sourceTree = BUILT_PRODUCTS_DIR; };
		68AEBDB42703E7110043108D /* AppDelegate.swift */ = {isa = PBXFileReference; lastKnownFileType = sourcecode.swift; path = AppDelegate.swift; sourceTree = "<group>"; };
		68AEBDB62703E7110043108D /* SceneDelegate.swift */ = {isa = PBXFileReference; lastKnownFileType = sourcecode.swift; path = SceneDelegate.swift; sourceTree = "<group>"; };
		68AEBDBB2703E7110043108D /* Base */ = {isa = PBXFileReference; lastKnownFileType = file.storyboard; name = Base; path = Base.lproj/Main.storyboard; sourceTree = "<group>"; };
		68AEBDBD2703E7190043108D /* Assets.xcassets */ = {isa = PBXFileReference; lastKnownFileType = folder.assetcatalog; path = Assets.xcassets; sourceTree = "<group>"; };
		68AEBDC02703E7190043108D /* Base */ = {isa = PBXFileReference; lastKnownFileType = file.storyboard; name = Base; path = Base.lproj/LaunchScreen.storyboard; sourceTree = "<group>"; };
		68AEBDC22703E7190043108D /* Info.plist */ = {isa = PBXFileReference; lastKnownFileType = text.plist.xml; path = Info.plist; sourceTree = "<group>"; };
		68AEBDC72703E71A0043108D /* InstagramTests.xctest */ = {isa = PBXFileReference; explicitFileType = wrapper.cfbundle; includeInIndex = 0; path = InstagramTests.xctest; sourceTree = BUILT_PRODUCTS_DIR; };
		68AEBDCB2703E71A0043108D /* InstagramTests.swift */ = {isa = PBXFileReference; lastKnownFileType = sourcecode.swift; path = InstagramTests.swift; sourceTree = "<group>"; };
		68AEBDD12703E71A0043108D /* InstagramUITests.xctest */ = {isa = PBXFileReference; explicitFileType = wrapper.cfbundle; includeInIndex = 0; path = InstagramUITests.xctest; sourceTree = BUILT_PRODUCTS_DIR; };
		68AEBDD52703E71A0043108D /* InstagramUITests.swift */ = {isa = PBXFileReference; lastKnownFileType = sourcecode.swift; path = InstagramUITests.swift; sourceTree = "<group>"; };
		68AEBDD72703E71A0043108D /* InstagramUITestsLaunchTests.swift */ = {isa = PBXFileReference; lastKnownFileType = sourcecode.swift; path = InstagramUITestsLaunchTests.swift; sourceTree = "<group>"; };
		7A4E53268891315A44D4C6FB /* Pods-Instagram.debug.xcconfig */ = {isa = PBXFileReference; includeInIndex = 1; lastKnownFileType = text.xcconfig; name = "Pods-Instagram.debug.xcconfig"; path = "Target Support Files/Pods-Instagram/Pods-Instagram.debug.xcconfig"; sourceTree = "<group>"; };
		82AE7D28011AD34797B52780 /* Pods_Instagram.framework */ = {isa = PBXFileReference; explicitFileType = wrapper.framework; includeInIndex = 0; path = Pods_Instagram.framework; sourceTree = BUILT_PRODUCTS_DIR; };
		A865BFF8EB5D891F068261D1 /* Pods-Instagram.release.xcconfig */ = {isa = PBXFileReference; includeInIndex = 1; lastKnownFileType = text.xcconfig; name = "Pods-Instagram.release.xcconfig"; path = "Target Support Files/Pods-Instagram/Pods-Instagram.release.xcconfig"; sourceTree = "<group>"; };
		CAA9CCC69398C1FF8C2D283D /* Pods_Instagram_InstagramUITests.framework */ = {isa = PBXFileReference; explicitFileType = wrapper.framework; includeInIndex = 0; path = Pods_Instagram_InstagramUITests.framework; sourceTree = BUILT_PRODUCTS_DIR; };
		EF1F324F759B0E9332DCB6E4 /* Pods-InstagramTests.debug.xcconfig */ = {isa = PBXFileReference; includeInIndex = 1; lastKnownFileType = text.xcconfig; name = "Pods-InstagramTests.debug.xcconfig"; path = "Target Support Files/Pods-InstagramTests/Pods-InstagramTests.debug.xcconfig"; sourceTree = "<group>"; };
		F1DA856F653D1A5BD29C7D36 /* Pods_InstagramTests.framework */ = {isa = PBXFileReference; explicitFileType = wrapper.framework; includeInIndex = 0; path = Pods_InstagramTests.framework; sourceTree = BUILT_PRODUCTS_DIR; };
		F82FBA4C292E9DC5C309EADC /* Pods-InstagramTests.release.xcconfig */ = {isa = PBXFileReference; includeInIndex = 1; lastKnownFileType = text.xcconfig; name = "Pods-InstagramTests.release.xcconfig"; path = "Target Support Files/Pods-InstagramTests/Pods-InstagramTests.release.xcconfig"; sourceTree = "<group>"; };
/* End PBXFileReference section */

/* Begin PBXFrameworksBuildPhase section */
		68AEBDAE2703E7100043108D /* Frameworks */ = {
			isa = PBXFrameworksBuildPhase;
			buildActionMask = 2147483647;
			files = (
				0C1D8AA13AB658EE8F29315C /* Pods_Instagram.framework in Frameworks */,
			);
			runOnlyForDeploymentPostprocessing = 0;
		};
		68AEBDC42703E71A0043108D /* Frameworks */ = {
			isa = PBXFrameworksBuildPhase;
			buildActionMask = 2147483647;
			files = (
				4A515316ED0F92AC8B63C7CF /* Pods_InstagramTests.framework in Frameworks */,
			);
			runOnlyForDeploymentPostprocessing = 0;
		};
		68AEBDCE2703E71A0043108D /* Frameworks */ = {
			isa = PBXFrameworksBuildPhase;
			buildActionMask = 2147483647;
			files = (
				C675716AB0F348EE514568DE /* Pods_Instagram_InstagramUITests.framework in Frameworks */,
			);
			runOnlyForDeploymentPostprocessing = 0;
		};
/* End PBXFrameworksBuildPhase section */

/* Begin PBXGroup section */
		0DC1413E2FC3132C64874547 /* Frameworks */ = {
			isa = PBXGroup;
			children = (
				82AE7D28011AD34797B52780 /* Pods_Instagram.framework */,
				CAA9CCC69398C1FF8C2D283D /* Pods_Instagram_InstagramUITests.framework */,
				F1DA856F653D1A5BD29C7D36 /* Pods_InstagramTests.framework */,
			);
			name = Frameworks;
			sourceTree = "<group>";
		};
		68AEBDA82703E7100043108D = {
			isa = PBXGroup;
			children = (
				68AEBDB32703E7110043108D /* Instagram */,
				68AEBDCA2703E71A0043108D /* InstagramTests */,
				68AEBDD42703E71A0043108D /* InstagramUITests */,
				68AEBDB22703E7110043108D /* Products */,
				890DBAA5AB2CAC00FEE668C1 /* Pods */,
				0DC1413E2FC3132C64874547 /* Frameworks */,
			);
			sourceTree = "<group>";
		};
		68AEBDB22703E7110043108D /* Products */ = {
			isa = PBXGroup;
			children = (
				68AEBDB12703E7110043108D /* Instagram.app */,
				68AEBDC72703E71A0043108D /* InstagramTests.xctest */,
				68AEBDD12703E71A0043108D /* InstagramUITests.xctest */,
			);
			name = Products;
			sourceTree = "<group>";
		};
		68AEBDB32703E7110043108D /* Instagram */ = {
			isa = PBXGroup;
			children = (
				68AEBDB42703E7110043108D /* AppDelegate.swift */,
				68AEBDB62703E7110043108D /* SceneDelegate.swift */,
				68AEBDBA2703E7110043108D /* Main.storyboard */,
				68AEBDBD2703E7190043108D /* Assets.xcassets */,
				68AEBDBF2703E7190043108D /* LaunchScreen.storyboard */,
				68AEBDC22703E7190043108D /* Info.plist */,
				6875A49A27078C9B00E9024F /* LoginViewController.swift */,
				6875A49C27078CA700E9024F /* FeedViewController.swift */,
				6875A4A027079D7D00E9024F /* CameraViewController.swift */,
				6875A4A2270AACA800E9024F /* PostCell.swift */,
				6875A4A62710CBAD00E9024F /* CommentCell.swift */,
			);
			path = Instagram;
			sourceTree = "<group>";
		};
		68AEBDCA2703E71A0043108D /* InstagramTests */ = {
			isa = PBXGroup;
			children = (
				68AEBDCB2703E71A0043108D /* InstagramTests.swift */,
			);
			path = InstagramTests;
			sourceTree = "<group>";
		};
		68AEBDD42703E71A0043108D /* InstagramUITests */ = {
			isa = PBXGroup;
			children = (
				68AEBDD52703E71A0043108D /* InstagramUITests.swift */,
				68AEBDD72703E71A0043108D /* InstagramUITestsLaunchTests.swift */,
			);
			path = InstagramUITests;
			sourceTree = "<group>";
		};
		890DBAA5AB2CAC00FEE668C1 /* Pods */ = {
			isa = PBXGroup;
			children = (
				7A4E53268891315A44D4C6FB /* Pods-Instagram.debug.xcconfig */,
				A865BFF8EB5D891F068261D1 /* Pods-Instagram.release.xcconfig */,
				21DA0F0A5163D90EAEB21FD4 /* Pods-Instagram-InstagramUITests.debug.xcconfig */,
				1594027808BBC6A91813DB70 /* Pods-Instagram-InstagramUITests.release.xcconfig */,
				EF1F324F759B0E9332DCB6E4 /* Pods-InstagramTests.debug.xcconfig */,
				F82FBA4C292E9DC5C309EADC /* Pods-InstagramTests.release.xcconfig */,
			);
			path = Pods;
			sourceTree = "<group>";
		};
/* End PBXGroup section */

/* Begin PBXNativeTarget section */
		68AEBDB02703E7100043108D /* Instagram */ = {
			isa = PBXNativeTarget;
			buildConfigurationList = 68AEBDDB2703E71A0043108D /* Build configuration list for PBXNativeTarget "Instagram" */;
			buildPhases = (
				12C1B29BE9A64895EE8F5C66 /* [CP] Check Pods Manifest.lock */,
				68AEBDAD2703E7100043108D /* Sources */,
				68AEBDAE2703E7100043108D /* Frameworks */,
				68AEBDAF2703E7100043108D /* Resources */,
				3EF5B758C843D28D94082FC1 /* [CP] Embed Pods Frameworks */,
			);
			buildRules = (
			);
			dependencies = (
			);
			name = Instagram;
			productName = Instagram;
			productReference = 68AEBDB12703E7110043108D /* Instagram.app */;
			productType = "com.apple.product-type.application";
		};
		68AEBDC62703E71A0043108D /* InstagramTests */ = {
			isa = PBXNativeTarget;
			buildConfigurationList = 68AEBDDE2703E71A0043108D /* Build configuration list for PBXNativeTarget "InstagramTests" */;
			buildPhases = (
				B81FB313F0D12F988CCBDBE3 /* [CP] Check Pods Manifest.lock */,
				68AEBDC32703E71A0043108D /* Sources */,
				68AEBDC42703E71A0043108D /* Frameworks */,
				68AEBDC52703E71A0043108D /* Resources */,
			);
			buildRules = (
			);
			dependencies = (
				68AEBDC92703E71A0043108D /* PBXTargetDependency */,
			);
			name = InstagramTests;
			productName = InstagramTests;
			productReference = 68AEBDC72703E71A0043108D /* InstagramTests.xctest */;
			productType = "com.apple.product-type.bundle.unit-test";
		};
		68AEBDD02703E71A0043108D /* InstagramUITests */ = {
			isa = PBXNativeTarget;
			buildConfigurationList = 68AEBDE12703E71A0043108D /* Build configuration list for PBXNativeTarget "InstagramUITests" */;
			buildPhases = (
				B2B66B475ABCFE11D4B314A1 /* [CP] Check Pods Manifest.lock */,
				68AEBDCD2703E71A0043108D /* Sources */,
				68AEBDCE2703E71A0043108D /* Frameworks */,
				68AEBDCF2703E71A0043108D /* Resources */,
				7CD9F02F2A0EB734B008024E /* [CP] Embed Pods Frameworks */,
			);
			buildRules = (
			);
			dependencies = (
				68AEBDD32703E71A0043108D /* PBXTargetDependency */,
			);
			name = InstagramUITests;
			productName = InstagramUITests;
			productReference = 68AEBDD12703E71A0043108D /* InstagramUITests.xctest */;
			productType = "com.apple.product-type.bundle.ui-testing";
		};
/* End PBXNativeTarget section */

/* Begin PBXProject section */
		68AEBDA92703E7100043108D /* Project object */ = {
			isa = PBXProject;
			attributes = {
				BuildIndependentTargetsInParallel = 1;
				LastSwiftUpdateCheck = 1300;
				LastUpgradeCheck = 1300;
				TargetAttributes = {
					68AEBDB02703E7100043108D = {
						CreatedOnToolsVersion = 13.0;
					};
					68AEBDC62703E71A0043108D = {
						CreatedOnToolsVersion = 13.0;
						TestTargetID = 68AEBDB02703E7100043108D;
					};
					68AEBDD02703E71A0043108D = {
						CreatedOnToolsVersion = 13.0;
						TestTargetID = 68AEBDB02703E7100043108D;
					};
				};
			};
			buildConfigurationList = 68AEBDAC2703E7100043108D /* Build configuration list for PBXProject "Instagram" */;
			compatibilityVersion = "Xcode 13.0";
			developmentRegion = en;
			hasScannedForEncodings = 0;
			knownRegions = (
				en,
				Base,
			);
			mainGroup = 68AEBDA82703E7100043108D;
			productRefGroup = 68AEBDB22703E7110043108D /* Products */;
			projectDirPath = "";
			projectRoot = "";
			targets = (
				68AEBDB02703E7100043108D /* Instagram */,
				68AEBDC62703E71A0043108D /* InstagramTests */,
				68AEBDD02703E71A0043108D /* InstagramUITests */,
			);
		};
/* End PBXProject section */

/* Begin PBXResourcesBuildPhase section */
		68AEBDAF2703E7100043108D /* Resources */ = {
			isa = PBXResourcesBuildPhase;
			buildActionMask = 2147483647;
			files = (
				68AEBDC12703E7190043108D /* LaunchScreen.storyboard in Resources */,
				68AEBDBE2703E7190043108D /* Assets.xcassets in Resources */,
				68AEBDBC2703E7110043108D /* Main.storyboard in Resources */,
			);
			runOnlyForDeploymentPostprocessing = 0;
		};
		68AEBDC52703E71A0043108D /* Resources */ = {
			isa = PBXResourcesBuildPhase;
			buildActionMask = 2147483647;
			files = (
			);
			runOnlyForDeploymentPostprocessing = 0;
		};
		68AEBDCF2703E71A0043108D /* Resources */ = {
			isa = PBXResourcesBuildPhase;
			buildActionMask = 2147483647;
			files = (
			);
			runOnlyForDeploymentPostprocessing = 0;
		};
/* End PBXResourcesBuildPhase section */

/* Begin PBXShellScriptBuildPhase section */
		12C1B29BE9A64895EE8F5C66 /* [CP] Check Pods Manifest.lock */ = {
			isa = PBXShellScriptBuildPhase;
			buildActionMask = 2147483647;
			files = (
			);
			inputFileListPaths = (
			);
			inputPaths = (
				"${PODS_PODFILE_DIR_PATH}/Podfile.lock",
				"${PODS_ROOT}/Manifest.lock",
			);
			name = "[CP] Check Pods Manifest.lock";
			outputFileListPaths = (
			);
			outputPaths = (
				"$(DERIVED_FILE_DIR)/Pods-Instagram-checkManifestLockResult.txt",
			);
			runOnlyForDeploymentPostprocessing = 0;
			shellPath = /bin/sh;
			shellScript = "diff \"${PODS_PODFILE_DIR_PATH}/Podfile.lock\" \"${PODS_ROOT}/Manifest.lock\" > /dev/null\nif [ $? != 0 ] ; then\n    # print error to STDERR\n    echo \"error: The sandbox is not in sync with the Podfile.lock. Run 'pod install' or update your CocoaPods installation.\" >&2\n    exit 1\nfi\n# This output is used by Xcode 'outputs' to avoid re-running this script phase.\necho \"SUCCESS\" > \"${SCRIPT_OUTPUT_FILE_0}\"\n";
			showEnvVarsInLog = 0;
		};
		3EF5B758C843D28D94082FC1 /* [CP] Embed Pods Frameworks */ = {
			isa = PBXShellScriptBuildPhase;
			buildActionMask = 2147483647;
			files = (
			);
			inputFileListPaths = (
				"${PODS_ROOT}/Target Support Files/Pods-Instagram/Pods-Instagram-frameworks-${CONFIGURATION}-input-files.xcfilelist",
			);
			name = "[CP] Embed Pods Frameworks";
			outputFileListPaths = (
				"${PODS_ROOT}/Target Support Files/Pods-Instagram/Pods-Instagram-frameworks-${CONFIGURATION}-output-files.xcfilelist",
			);
			runOnlyForDeploymentPostprocessing = 0;
			shellPath = /bin/sh;
			shellScript = "\"${PODS_ROOT}/Target Support Files/Pods-Instagram/Pods-Instagram-frameworks.sh\"\n";
			showEnvVarsInLog = 0;
		};
		7CD9F02F2A0EB734B008024E /* [CP] Embed Pods Frameworks */ = {
			isa = PBXShellScriptBuildPhase;
			buildActionMask = 2147483647;
			files = (
			);
			inputFileListPaths = (
				"${PODS_ROOT}/Target Support Files/Pods-Instagram-InstagramUITests/Pods-Instagram-InstagramUITests-frameworks-${CONFIGURATION}-input-files.xcfilelist",
			);
			name = "[CP] Embed Pods Frameworks";
			outputFileListPaths = (
				"${PODS_ROOT}/Target Support Files/Pods-Instagram-InstagramUITests/Pods-Instagram-InstagramUITests-frameworks-${CONFIGURATION}-output-files.xcfilelist",
			);
			runOnlyForDeploymentPostprocessing = 0;
			shellPath = /bin/sh;
			shellScript = "\"${PODS_ROOT}/Target Support Files/Pods-Instagram-InstagramUITests/Pods-Instagram-InstagramUITests-frameworks.sh\"\n";
			showEnvVarsInLog = 0;
		};
		B2B66B475ABCFE11D4B314A1 /* [CP] Check Pods Manifest.lock */ = {
			isa = PBXShellScriptBuildPhase;
			buildActionMask = 2147483647;
			files = (
			);
			inputFileListPaths = (
			);
			inputPaths = (
				"${PODS_PODFILE_DIR_PATH}/Podfile.lock",
				"${PODS_ROOT}/Manifest.lock",
			);
			name = "[CP] Check Pods Manifest.lock";
			outputFileListPaths = (
			);
			outputPaths = (
				"$(DERIVED_FILE_DIR)/Pods-Instagram-InstagramUITests-checkManifestLockResult.txt",
			);
			runOnlyForDeploymentPostprocessing = 0;
			shellPath = /bin/sh;
			shellScript = "diff \"${PODS_PODFILE_DIR_PATH}/Podfile.lock\" \"${PODS_ROOT}/Manifest.lock\" > /dev/null\nif [ $? != 0 ] ; then\n    # print error to STDERR\n    echo \"error: The sandbox is not in sync with the Podfile.lock. Run 'pod install' or update your CocoaPods installation.\" >&2\n    exit 1\nfi\n# This output is used by Xcode 'outputs' to avoid re-running this script phase.\necho \"SUCCESS\" > \"${SCRIPT_OUTPUT_FILE_0}\"\n";
			showEnvVarsInLog = 0;
		};
		B81FB313F0D12F988CCBDBE3 /* [CP] Check Pods Manifest.lock */ = {
			isa = PBXShellScriptBuildPhase;
			buildActionMask = 2147483647;
			files = (
			);
			inputFileListPaths = (
			);
			inputPaths = (
				"${PODS_PODFILE_DIR_PATH}/Podfile.lock",
				"${PODS_ROOT}/Manifest.lock",
			);
			name = "[CP] Check Pods Manifest.lock";
			outputFileListPaths = (
			);
			outputPaths = (
				"$(DERIVED_FILE_DIR)/Pods-InstagramTests-checkManifestLockResult.txt",
			);
			runOnlyForDeploymentPostprocessing = 0;
			shellPath = /bin/sh;
			shellScript = "diff \"${PODS_PODFILE_DIR_PATH}/Podfile.lock\" \"${PODS_ROOT}/Manifest.lock\" > /dev/null\nif [ $? != 0 ] ; then\n    # print error to STDERR\n    echo \"error: The sandbox is not in sync with the Podfile.lock. Run 'pod install' or update your CocoaPods installation.\" >&2\n    exit 1\nfi\n# This output is used by Xcode 'outputs' to avoid re-running this script phase.\necho \"SUCCESS\" > \"${SCRIPT_OUTPUT_FILE_0}\"\n";
			showEnvVarsInLog = 0;
		};
/* End PBXShellScriptBuildPhase section */

/* Begin PBXSourcesBuildPhase section */
		68AEBDAD2703E7100043108D /* Sources */ = {
			isa = PBXSourcesBuildPhase;
			buildActionMask = 2147483647;
			files = (
				6875A49B27078C9B00E9024F /* LoginViewController.swift in Sources */,
				6875A4A127079D7D00E9024F /* CameraViewController.swift in Sources */,
				68AEBDB52703E7110043108D /* AppDelegate.swift in Sources */,
				6875A49D27078CA700E9024F /* FeedViewController.swift in Sources */,
				68AEBDB72703E7110043108D /* SceneDelegate.swift in Sources */,
				6875A4A3270AACA900E9024F /* PostCell.swift in Sources */,
				6875A4A72710CBAD00E9024F /* CommentCell.swift in Sources */,
			);
			runOnlyForDeploymentPostprocessing = 0;
		};
		68AEBDC32703E71A0043108D /* Sources */ = {
			isa = PBXSourcesBuildPhase;
			buildActionMask = 2147483647;
			files = (
				68AEBDCC2703E71A0043108D /* InstagramTests.swift in Sources */,
			);
			runOnlyForDeploymentPostprocessing = 0;
		};
		68AEBDCD2703E71A0043108D /* Sources */ = {
			isa = PBXSourcesBuildPhase;
			buildActionMask = 2147483647;
			files = (
				68AEBDD62703E71A0043108D /* InstagramUITests.swift in Sources */,
				68AEBDD82703E71A0043108D /* InstagramUITestsLaunchTests.swift in Sources */,
			);
			runOnlyForDeploymentPostprocessing = 0;
		};
/* End PBXSourcesBuildPhase section */

/* Begin PBXTargetDependency section */
		68AEBDC92703E71A0043108D /* PBXTargetDependency */ = {
			isa = PBXTargetDependency;
			target = 68AEBDB02703E7100043108D /* Instagram */;
			targetProxy = 68AEBDC82703E71A0043108D /* PBXContainerItemProxy */;
		};
		68AEBDD32703E71A0043108D /* PBXTargetDependency */ = {
			isa = PBXTargetDependency;
			target = 68AEBDB02703E7100043108D /* Instagram */;
			targetProxy = 68AEBDD22703E71A0043108D /* PBXContainerItemProxy */;
		};
/* End PBXTargetDependency section */

/* Begin PBXVariantGroup section */
		68AEBDBA2703E7110043108D /* Main.storyboard */ = {
			isa = PBXVariantGroup;
			children = (
				68AEBDBB2703E7110043108D /* Base */,
			);
			name = Main.storyboard;
			sourceTree = "<group>";
		};
		68AEBDBF2703E7190043108D /* LaunchScreen.storyboard */ = {
			isa = PBXVariantGroup;
			children = (
				68AEBDC02703E7190043108D /* Base */,
			);
			name = LaunchScreen.storyboard;
			sourceTree = "<group>";
		};
/* End PBXVariantGroup section */

/* Begin XCBuildConfiguration section */
		68AEBDD92703E71A0043108D /* Debug */ = {
			isa = XCBuildConfiguration;
			buildSettings = {
				ALWAYS_SEARCH_USER_PATHS = NO;
				CLANG_ANALYZER_NONNULL = YES;
				CLANG_ANALYZER_NUMBER_OBJECT_CONVERSION = YES_AGGRESSIVE;
				CLANG_CXX_LANGUAGE_STANDARD = "gnu++17";
				CLANG_CXX_LIBRARY = "libc++";
				CLANG_ENABLE_MODULES = YES;
				CLANG_ENABLE_OBJC_ARC = YES;
				CLANG_ENABLE_OBJC_WEAK = YES;
				CLANG_WARN_BLOCK_CAPTURE_AUTORELEASING = YES;
				CLANG_WARN_BOOL_CONVERSION = YES;
				CLANG_WARN_COMMA = YES;
				CLANG_WARN_CONSTANT_CONVERSION = YES;
				CLANG_WARN_DEPRECATED_OBJC_IMPLEMENTATIONS = YES;
				CLANG_WARN_DIRECT_OBJC_ISA_USAGE = YES_ERROR;
				CLANG_WARN_DOCUMENTATION_COMMENTS = YES;
				CLANG_WARN_EMPTY_BODY = YES;
				CLANG_WARN_ENUM_CONVERSION = YES;
				CLANG_WARN_INFINITE_RECURSION = YES;
				CLANG_WARN_INT_CONVERSION = YES;
				CLANG_WARN_NON_LITERAL_NULL_CONVERSION = YES;
				CLANG_WARN_OBJC_IMPLICIT_RETAIN_SELF = YES;
				CLANG_WARN_OBJC_LITERAL_CONVERSION = YES;
				CLANG_WARN_OBJC_ROOT_CLASS = YES_ERROR;
				CLANG_WARN_QUOTED_INCLUDE_IN_FRAMEWORK_HEADER = YES;
				CLANG_WARN_RANGE_LOOP_ANALYSIS = YES;
				CLANG_WARN_STRICT_PROTOTYPES = YES;
				CLANG_WARN_SUSPICIOUS_MOVE = YES;
				CLANG_WARN_UNGUARDED_AVAILABILITY = YES_AGGRESSIVE;
				CLANG_WARN_UNREACHABLE_CODE = YES;
				CLANG_WARN__DUPLICATE_METHOD_MATCH = YES;
				COPY_PHASE_STRIP = NO;
				DEBUG_INFORMATION_FORMAT = dwarf;
				ENABLE_STRICT_OBJC_MSGSEND = YES;
				ENABLE_TESTABILITY = YES;
				GCC_C_LANGUAGE_STANDARD = gnu11;
				GCC_DYNAMIC_NO_PIC = NO;
				GCC_NO_COMMON_BLOCKS = YES;
				GCC_OPTIMIZATION_LEVEL = 0;
				GCC_PREPROCESSOR_DEFINITIONS = (
					"DEBUG=1",
					"$(inherited)",
				);
				GCC_WARN_64_TO_32_BIT_CONVERSION = YES;
				GCC_WARN_ABOUT_RETURN_TYPE = YES_ERROR;
				GCC_WARN_UNDECLARED_SELECTOR = YES;
				GCC_WARN_UNINITIALIZED_AUTOS = YES_AGGRESSIVE;
				GCC_WARN_UNUSED_FUNCTION = YES;
				GCC_WARN_UNUSED_VARIABLE = YES;
				IPHONEOS_DEPLOYMENT_TARGET = 15.0;
				MTL_ENABLE_DEBUG_INFO = INCLUDE_SOURCE;
				MTL_FAST_MATH = YES;
				ONLY_ACTIVE_ARCH = YES;
				SDKROOT = iphoneos;
				SWIFT_ACTIVE_COMPILATION_CONDITIONS = DEBUG;
				SWIFT_OPTIMIZATION_LEVEL = "-Onone";
			};
			name = Debug;
		};
		68AEBDDA2703E71A0043108D /* Release */ = {
			isa = XCBuildConfiguration;
			buildSettings = {
				ALWAYS_SEARCH_USER_PATHS = NO;
				CLANG_ANALYZER_NONNULL = YES;
				CLANG_ANALYZER_NUMBER_OBJECT_CONVERSION = YES_AGGRESSIVE;
				CLANG_CXX_LANGUAGE_STANDARD = "gnu++17";
				CLANG_CXX_LIBRARY = "libc++";
				CLANG_ENABLE_MODULES = YES;
				CLANG_ENABLE_OBJC_ARC = YES;
				CLANG_ENABLE_OBJC_WEAK = YES;
				CLANG_WARN_BLOCK_CAPTURE_AUTORELEASING = YES;
				CLANG_WARN_BOOL_CONVERSION = YES;
				CLANG_WARN_COMMA = YES;
				CLANG_WARN_CONSTANT_CONVERSION = YES;
				CLANG_WARN_DEPRECATED_OBJC_IMPLEMENTATIONS = YES;
				CLANG_WARN_DIRECT_OBJC_ISA_USAGE = YES_ERROR;
				CLANG_WARN_DOCUMENTATION_COMMENTS = YES;
				CLANG_WARN_EMPTY_BODY = YES;
				CLANG_WARN_ENUM_CONVERSION = YES;
				CLANG_WARN_INFINITE_RECURSION = YES;
				CLANG_WARN_INT_CONVERSION = YES;
				CLANG_WARN_NON_LITERAL_NULL_CONVERSION = YES;
				CLANG_WARN_OBJC_IMPLICIT_RETAIN_SELF = YES;
				CLANG_WARN_OBJC_LITERAL_CONVERSION = YES;
				CLANG_WARN_OBJC_ROOT_CLASS = YES_ERROR;
				CLANG_WARN_QUOTED_INCLUDE_IN_FRAMEWORK_HEADER = YES;
				CLANG_WARN_RANGE_LOOP_ANALYSIS = YES;
				CLANG_WARN_STRICT_PROTOTYPES = YES;
				CLANG_WARN_SUSPICIOUS_MOVE = YES;
				CLANG_WARN_UNGUARDED_AVAILABILITY = YES_AGGRESSIVE;
				CLANG_WARN_UNREACHABLE_CODE = YES;
				CLANG_WARN__DUPLICATE_METHOD_MATCH = YES;
				COPY_PHASE_STRIP = NO;
				DEBUG_INFORMATION_FORMAT = "dwarf-with-dsym";
				ENABLE_NS_ASSERTIONS = NO;
				ENABLE_STRICT_OBJC_MSGSEND = YES;
				GCC_C_LANGUAGE_STANDARD = gnu11;
				GCC_NO_COMMON_BLOCKS = YES;
				GCC_WARN_64_TO_32_BIT_CONVERSION = YES;
				GCC_WARN_ABOUT_RETURN_TYPE = YES_ERROR;
				GCC_WARN_UNDECLARED_SELECTOR = YES;
				GCC_WARN_UNINITIALIZED_AUTOS = YES_AGGRESSIVE;
				GCC_WARN_UNUSED_FUNCTION = YES;
				GCC_WARN_UNUSED_VARIABLE = YES;
				IPHONEOS_DEPLOYMENT_TARGET = 15.0;
				MTL_ENABLE_DEBUG_INFO = NO;
				MTL_FAST_MATH = YES;
				SDKROOT = iphoneos;
				SWIFT_COMPILATION_MODE = wholemodule;
				SWIFT_OPTIMIZATION_LEVEL = "-O";
				VALIDATE_PRODUCT = YES;
			};
			name = Release;
		};
		68AEBDDC2703E71A0043108D /* Debug */ = {
			isa = XCBuildConfiguration;
			baseConfigurationReference = 7A4E53268891315A44D4C6FB /* Pods-Instagram.debug.xcconfig */;
			buildSettings = {
				ASSETCATALOG_COMPILER_APPICON_NAME = AppIcon;
				ASSETCATALOG_COMPILER_GLOBAL_ACCENT_COLOR_NAME = AccentColor;
				CODE_SIGN_STYLE = Automatic;
				CURRENT_PROJECT_VERSION = 1;
				GENERATE_INFOPLIST_FILE = YES;
				INFOPLIST_FILE = Instagram/Info.plist;
				INFOPLIST_KEY_UIApplicationSupportsIndirectInputEvents = YES;
				INFOPLIST_KEY_UILaunchStoryboardName = LaunchScreen;
				INFOPLIST_KEY_UIMainStoryboardFile = Main;
				INFOPLIST_KEY_UISupportedInterfaceOrientations_iPad = "UIInterfaceOrientationPortrait UIInterfaceOrientationPortraitUpsideDown UIInterfaceOrientationLandscapeLeft UIInterfaceOrientationLandscapeRight";
				INFOPLIST_KEY_UISupportedInterfaceOrientations_iPhone = "UIInterfaceOrientationPortrait UIInterfaceOrientationLandscapeLeft UIInterfaceOrientationLandscapeRight";
				LD_RUNPATH_SEARCH_PATHS = (
					"$(inherited)",
					"@executable_path/Frameworks",
				);
				MARKETING_VERSION = 1.0;
				PRODUCT_BUNDLE_IDENTIFIER = "psychedout4-gmail.com.Instagram";
				PRODUCT_NAME = "$(TARGET_NAME)";
				SWIFT_EMIT_LOC_STRINGS = YES;
				SWIFT_VERSION = 5.0;
				TARGETED_DEVICE_FAMILY = "1,2";
			};
			name = Debug;
		};
		68AEBDDD2703E71A0043108D /* Release */ = {
			isa = XCBuildConfiguration;
			baseConfigurationReference = A865BFF8EB5D891F068261D1 /* Pods-Instagram.release.xcconfig */;
			buildSettings = {
				ASSETCATALOG_COMPILER_APPICON_NAME = AppIcon;
				ASSETCATALOG_COMPILER_GLOBAL_ACCENT_COLOR_NAME = AccentColor;
				CODE_SIGN_STYLE = Automatic;
				CURRENT_PROJECT_VERSION = 1;
				GENERATE_INFOPLIST_FILE = YES;
				INFOPLIST_FILE = Instagram/Info.plist;
				INFOPLIST_KEY_UIApplicationSupportsIndirectInputEvents = YES;
				INFOPLIST_KEY_UILaunchStoryboardName = LaunchScreen;
				INFOPLIST_KEY_UIMainStoryboardFile = Main;
				INFOPLIST_KEY_UISupportedInterfaceOrientations_iPad = "UIInterfaceOrientationPortrait UIInterfaceOrientationPortraitUpsideDown UIInterfaceOrientationLandscapeLeft UIInterfaceOrientationLandscapeRight";
				INFOPLIST_KEY_UISupportedInterfaceOrientations_iPhone = "UIInterfaceOrientationPortrait UIInterfaceOrientationLandscapeLeft UIInterfaceOrientationLandscapeRight";
				LD_RUNPATH_SEARCH_PATHS = (
					"$(inherited)",
					"@executable_path/Frameworks",
				);
				MARKETING_VERSION = 1.0;
				PRODUCT_BUNDLE_IDENTIFIER = "psychedout4-gmail.com.Instagram";
				PRODUCT_NAME = "$(TARGET_NAME)";
				SWIFT_EMIT_LOC_STRINGS = YES;
				SWIFT_VERSION = 5.0;
				TARGETED_DEVICE_FAMILY = "1,2";
			};
			name = Release;
		};
		68AEBDDF2703E71A0043108D /* Debug */ = {
			isa = XCBuildConfiguration;
			baseConfigurationReference = EF1F324F759B0E9332DCB6E4 /* Pods-InstagramTests.debug.xcconfig */;
			buildSettings = {
				ALWAYS_EMBED_SWIFT_STANDARD_LIBRARIES = YES;
				BUNDLE_LOADER = "$(TEST_HOST)";
				CODE_SIGN_STYLE = Automatic;
				CURRENT_PROJECT_VERSION = 1;
				GENERATE_INFOPLIST_FILE = YES;
				IPHONEOS_DEPLOYMENT_TARGET = 15.0;
				LD_RUNPATH_SEARCH_PATHS = (
					"$(inherited)",
					"@executable_path/Frameworks",
					"@loader_path/Frameworks",
				);
				MARKETING_VERSION = 1.0;
				PRODUCT_BUNDLE_IDENTIFIER = "psychedout4-gmail.com.InstagramTests";
				PRODUCT_NAME = "$(TARGET_NAME)";
				SWIFT_EMIT_LOC_STRINGS = NO;
				SWIFT_VERSION = 5.0;
				TARGETED_DEVICE_FAMILY = "1,2";
				TEST_HOST = "$(BUILT_PRODUCTS_DIR)/Instagram.app/Instagram";
			};
			name = Debug;
		};
		68AEBDE02703E71A0043108D /* Release */ = {
			isa = XCBuildConfiguration;
			baseConfigurationReference = F82FBA4C292E9DC5C309EADC /* Pods-InstagramTests.release.xcconfig */;
			buildSettings = {
				ALWAYS_EMBED_SWIFT_STANDARD_LIBRARIES = YES;
				BUNDLE_LOADER = "$(TEST_HOST)";
				CODE_SIGN_STYLE = Automatic;
				CURRENT_PROJECT_VERSION = 1;
				GENERATE_INFOPLIST_FILE = YES;
				IPHONEOS_DEPLOYMENT_TARGET = 15.0;
				LD_RUNPATH_SEARCH_PATHS = (
					"$(inherited)",
					"@executable_path/Frameworks",
					"@loader_path/Frameworks",
				);
				MARKETING_VERSION = 1.0;
				PRODUCT_BUNDLE_IDENTIFIER = "psychedout4-gmail.com.InstagramTests";
				PRODUCT_NAME = "$(TARGET_NAME)";
				SWIFT_EMIT_LOC_STRINGS = NO;
				SWIFT_VERSION = 5.0;
				TARGETED_DEVICE_FAMILY = "1,2";
				TEST_HOST = "$(BUILT_PRODUCTS_DIR)/Instagram.app/Instagram";
			};
			name = Release;
		};
		68AEBDE22703E71A0043108D /* Debug */ = {
			isa = XCBuildConfiguration;
			baseConfigurationReference = 21DA0F0A5163D90EAEB21FD4 /* Pods-Instagram-InstagramUITests.debug.xcconfig */;
			buildSettings = {
				ALWAYS_EMBED_SWIFT_STANDARD_LIBRARIES = YES;
				CODE_SIGN_STYLE = Automatic;
				CURRENT_PROJECT_VERSION = 1;
				GENERATE_INFOPLIST_FILE = YES;
				LD_RUNPATH_SEARCH_PATHS = (
					"$(inherited)",
					"@executable_path/Frameworks",
					"@loader_path/Frameworks",
				);
				MARKETING_VERSION = 1.0;
				PRODUCT_BUNDLE_IDENTIFIER = "psychedout4-gmail.com.InstagramUITests";
				PRODUCT_NAME = "$(TARGET_NAME)";
				SWIFT_EMIT_LOC_STRINGS = NO;
				SWIFT_VERSION = 5.0;
				TARGETED_DEVICE_FAMILY = "1,2";
				TEST_TARGET_NAME = Instagram;
			};
			name = Debug;
		};
		68AEBDE32703E71A0043108D /* Release */ = {
			isa = XCBuildConfiguration;
			baseConfigurationReference = 1594027808BBC6A91813DB70 /* Pods-Instagram-InstagramUITests.release.xcconfig */;
			buildSettings = {
				ALWAYS_EMBED_SWIFT_STANDARD_LIBRARIES = YES;
				CODE_SIGN_STYLE = Automatic;
				CURRENT_PROJECT_VERSION = 1;
				GENERATE_INFOPLIST_FILE = YES;
				LD_RUNPATH_SEARCH_PATHS = (
					"$(inherited)",
					"@executable_path/Frameworks",
					"@loader_path/Frameworks",
				);
				MARKETING_VERSION = 1.0;
				PRODUCT_BUNDLE_IDENTIFIER = "psychedout4-gmail.com.InstagramUITests";
				PRODUCT_NAME = "$(TARGET_NAME)";
				SWIFT_EMIT_LOC_STRINGS = NO;
				SWIFT_VERSION = 5.0;
				TARGETED_DEVICE_FAMILY = "1,2";
				TEST_TARGET_NAME = Instagram;
			};
			name = Release;
		};
/* End XCBuildConfiguration section */

/* Begin XCConfigurationList section */
		68AEBDAC2703E7100043108D /* Build configuration list for PBXProject "Instagram" */ = {
			isa = XCConfigurationList;
			buildConfigurations = (
				68AEBDD92703E71A0043108D /* Debug */,
				68AEBDDA2703E71A0043108D /* Release */,
			);
			defaultConfigurationIsVisible = 0;
			defaultConfigurationName = Release;
		};
		68AEBDDB2703E71A0043108D /* Build configuration list for PBXNativeTarget "Instagram" */ = {
			isa = XCConfigurationList;
			buildConfigurations = (
				68AEBDDC2703E71A0043108D /* Debug */,
				68AEBDDD2703E71A0043108D /* Release */,
			);
			defaultConfigurationIsVisible = 0;
			defaultConfigurationName = Release;
		};
		68AEBDDE2703E71A0043108D /* Build configuration list for PBXNativeTarget "InstagramTests" */ = {
			isa = XCConfigurationList;
			buildConfigurations = (
				68AEBDDF2703E71A0043108D /* Debug */,
				68AEBDE02703E71A0043108D /* Release */,
			);
			defaultConfigurationIsVisible = 0;
			defaultConfigurationName = Release;
		};
		68AEBDE12703E71A0043108D /* Build configuration list for PBXNativeTarget "InstagramUITests" */ = {
			isa = XCConfigurationList;
			buildConfigurations = (
				68AEBDE22703E71A0043108D /* Debug */,
				68AEBDE32703E71A0043108D /* Release */,
			);
			defaultConfigurationIsVisible = 0;
			defaultConfigurationName = Release;
		};
/* End XCConfigurationList section */
	};
	rootObject = 68AEBDA92703E7100043108D /* Project object */;
}
